
Microsoft Visual Studio Solution File, Format Version 12.00
# Visual Studio 15
VisualStudioVersion = 15.0.26430.13
MinimumVisualStudioVersion = 10.0.40219.1
Project("{9A19103F-16F7-4668-BE54-9A1E7A4F7556}") = "NetCoreConsole", "NetCoreConsole\NetCoreConsole.csproj", "{D78D5835-0116-494F-B490-EFA44C0E0ECA}"
EndProject
Project("{9A19103F-16F7-4668-BE54-9A1E7A4F7556}") = "NetStandardLibrary", "NetStandardLibrary\NetStandardLibrary.csproj", "{914AF81C-A6BD-4E25-B0E2-CFB6A71CB718}"
EndProject
Project("{2150E333-8FDC-42A3-9474-1A3956D46DE8}") = "XamarinForms", "XamarinForms", "{24F46FD5-EF1C-449D-A14A-37E87A606668}"
EndProject
Project("{FAE04EC0-301F-11D3-BF4B-00C04F79EFBC}") = "XFNetStandard.Android", "XFNetStandard\XFNetStandard.Android\XFNetStandard.Android.csproj", "{A574B3CC-C11D-4679-9C2F-8AF3E229E1BC}"
EndProject
Project("{FAE04EC0-301F-11D3-BF4B-00C04F79EFBC}") = "XFNetStandard", "XFNetStandard\XFNetStandard\XFNetStandard.csproj", "{1F9F5E1B-878A-486F-A77A-FBBFDEA365A0}"
EndProject
Project("{FAE04EC0-301F-11D3-BF4B-00C04F79EFBC}") = "XFNetStandard.UWP", "XFNetStandard\XFNetStandard.UWP\XFNetStandard.UWP.csproj", "{25143094-39A6-41AD-8CC5-9083142B0328}"
EndProject
Project("{FAE04EC0-301F-11D3-BF4B-00C04F79EFBC}") = "XFNetStandard.iOS", "XFNetStandard\XFNetStandard.iOS\XFNetStandard.iOS.csproj", "{87FC39E5-12B3-4900-81A5-4C9A7AB00852}"
EndProject
Global
	GlobalSection(SolutionConfigurationPlatforms) = preSolution
		Ad-Hoc|Any CPU = Ad-Hoc|Any CPU
		Ad-Hoc|ARM = Ad-Hoc|ARM
		Ad-Hoc|iPhone = Ad-Hoc|iPhone
		Ad-Hoc|iPhoneSimulator = Ad-Hoc|iPhoneSimulator
		Ad-Hoc|x64 = Ad-Hoc|x64
		Ad-Hoc|x86 = Ad-Hoc|x86
		AppStore|Any CPU = AppStore|Any CPU
		AppStore|ARM = AppStore|ARM
		AppStore|iPhone = AppStore|iPhone
		AppStore|iPhoneSimulator = AppStore|iPhoneSimulator
		AppStore|x64 = AppStore|x64
		AppStore|x86 = AppStore|x86
		Debug|Any CPU = Debug|Any CPU
		Debug|ARM = Debug|ARM
		Debug|iPhone = Debug|iPhone
		Debug|iPhoneSimulator = Debug|iPhoneSimulator
		Debug|x64 = Debug|x64
		Debug|x86 = Debug|x86
		Release|Any CPU = Release|Any CPU
		Release|ARM = Release|ARM
		Release|iPhone = Release|iPhone
		Release|iPhoneSimulator = Release|iPhoneSimulator
		Release|x64 = Release|x64
		Release|x86 = Release|x86
	EndGlobalSection
	GlobalSection(ProjectConfigurationPlatforms) = postSolution
		{D78D5835-0116-494F-B490-EFA44C0E0ECA}.Ad-Hoc|Any CPU.ActiveCfg = Release|Any CPU
		{D78D5835-0116-494F-B490-EFA44C0E0ECA}.Ad-Hoc|Any CPU.Build.0 = Release|Any CPU
		{D78D5835-0116-494F-B490-EFA44C0E0ECA}.Ad-Hoc|ARM.ActiveCfg = Release|Any CPU
		{D78D5835-0116-494F-B490-EFA44C0E0ECA}.Ad-Hoc|ARM.Build.0 = Release|Any CPU
		{D78D5835-0116-494F-B490-EFA44C0E0ECA}.Ad-Hoc|iPhone.ActiveCfg = Release|Any CPU
		{D78D5835-0116-494F-B490-EFA44C0E0ECA}.Ad-Hoc|iPhone.Build.0 = Release|Any CPU
		{D78D5835-0116-494F-B490-EFA44C0E0ECA}.Ad-Hoc|iPhoneSimulator.ActiveCfg = Release|Any CPU
		{D78D5835-0116-494F-B490-EFA44C0E0ECA}.Ad-Hoc|iPhoneSimulator.Build.0 = Release|Any CPU
		{D78D5835-0116-494F-B490-EFA44C0E0ECA}.Ad-Hoc|x64.ActiveCfg = Release|Any CPU
		{D78D5835-0116-494F-B490-EFA44C0E0ECA}.Ad-Hoc|x64.Build.0 = Release|Any CPU
		{D78D5835-0116-494F-B490-EFA44C0E0ECA}.Ad-Hoc|x86.ActiveCfg = Release|Any CPU
		{D78D5835-0116-494F-B490-EFA44C0E0ECA}.Ad-Hoc|x86.Build.0 = Release|Any CPU
		{D78D5835-0116-494F-B490-EFA44C0E0ECA}.AppStore|Any CPU.ActiveCfg = Release|Any CPU
		{D78D5835-0116-494F-B490-EFA44C0E0ECA}.AppStore|Any CPU.Build.0 = Release|Any CPU
		{D78D5835-0116-494F-B490-EFA44C0E0ECA}.AppStore|ARM.ActiveCfg = Release|Any CPU
		{D78D5835-0116-494F-B490-EFA44C0E0ECA}.AppStore|ARM.Build.0 = Release|Any CPU
		{D78D5835-0116-494F-B490-EFA44C0E0ECA}.AppStore|iPhone.ActiveCfg = Release|Any CPU
		{D78D5835-0116-494F-B490-EFA44C0E0ECA}.AppStore|iPhone.Build.0 = Release|Any CPU
		{D78D5835-0116-494F-B490-EFA44C0E0ECA}.AppStore|iPhoneSimulator.ActiveCfg = Release|Any CPU
		{D78D5835-0116-494F-B490-EFA44C0E0ECA}.AppStore|iPhoneSimulator.Build.0 = Release|Any CPU
		{D78D5835-0116-494F-B490-EFA44C0E0ECA}.AppStore|x64.ActiveCfg = Release|Any CPU
		{D78D5835-0116-494F-B490-EFA44C0E0ECA}.AppStore|x64.Build.0 = Release|Any CPU
		{D78D5835-0116-494F-B490-EFA44C0E0ECA}.AppStore|x86.ActiveCfg = Release|Any CPU
		{D78D5835-0116-494F-B490-EFA44C0E0ECA}.AppStore|x86.Build.0 = Release|Any CPU
		{D78D5835-0116-494F-B490-EFA44C0E0ECA}.Debug|Any CPU.ActiveCfg = Debug|Any CPU
		{D78D5835-0116-494F-B490-EFA44C0E0ECA}.Debug|Any CPU.Build.0 = Debug|Any CPU
		{D78D5835-0116-494F-B490-EFA44C0E0ECA}.Debug|ARM.ActiveCfg = Debug|Any CPU
		{D78D5835-0116-494F-B490-EFA44C0E0ECA}.Debug|ARM.Build.0 = Debug|Any CPU
		{D78D5835-0116-494F-B490-EFA44C0E0ECA}.Debug|iPhone.ActiveCfg = Debug|Any CPU
		{D78D5835-0116-494F-B490-EFA44C0E0ECA}.Debug|iPhone.Build.0 = Debug|Any CPU
		{D78D5835-0116-494F-B490-EFA44C0E0ECA}.Debug|iPhoneSimulator.ActiveCfg = Debug|Any CPU
		{D78D5835-0116-494F-B490-EFA44C0E0ECA}.Debug|iPhoneSimulator.Build.0 = Debug|Any CPU
		{D78D5835-0116-494F-B490-EFA44C0E0ECA}.Debug|x64.ActiveCfg = Debug|Any CPU
		{D78D5835-0116-494F-B490-EFA44C0E0ECA}.Debug|x64.Build.0 = Debug|Any CPU
		{D78D5835-0116-494F-B490-EFA44C0E0ECA}.Debug|x86.ActiveCfg = Debug|Any CPU
		{D78D5835-0116-494F-B490-EFA44C0E0ECA}.Debug|x86.Build.0 = Debug|Any CPU
		{D78D5835-0116-494F-B490-EFA44C0E0ECA}.Release|Any CPU.ActiveCfg = Release|Any CPU
		{D78D5835-0116-494F-B490-EFA44C0E0ECA}.Release|Any CPU.Build.0 = Release|Any CPU
		{D78D5835-0116-494F-B490-EFA44C0E0ECA}.Release|ARM.ActiveCfg = Release|Any CPU
		{D78D5835-0116-494F-B490-EFA44C0E0ECA}.Release|ARM.Build.0 = Release|Any CPU
		{D78D5835-0116-494F-B490-EFA44C0E0ECA}.Release|iPhone.ActiveCfg = Release|Any CPU
		{D78D5835-0116-494F-B490-EFA44C0E0ECA}.Release|iPhone.Build.0 = Release|Any CPU
		{D78D5835-0116-494F-B490-EFA44C0E0ECA}.Release|iPhoneSimulator.ActiveCfg = Release|Any CPU
		{D78D5835-0116-494F-B490-EFA44C0E0ECA}.Release|iPhoneSimulator.Build.0 = Release|Any CPU
		{D78D5835-0116-494F-B490-EFA44C0E0ECA}.Release|x64.ActiveCfg = Release|Any CPU
		{D78D5835-0116-494F-B490-EFA44C0E0ECA}.Release|x64.Build.0 = Release|Any CPU
		{D78D5835-0116-494F-B490-EFA44C0E0ECA}.Release|x86.ActiveCfg = Release|Any CPU
		{D78D5835-0116-494F-B490-EFA44C0E0ECA}.Release|x86.Build.0 = Release|Any CPU
		{914AF81C-A6BD-4E25-B0E2-CFB6A71CB718}.Ad-Hoc|Any CPU.ActiveCfg = Release|Any CPU
		{914AF81C-A6BD-4E25-B0E2-CFB6A71CB718}.Ad-Hoc|Any CPU.Build.0 = Release|Any CPU
		{914AF81C-A6BD-4E25-B0E2-CFB6A71CB718}.Ad-Hoc|ARM.ActiveCfg = Release|Any CPU
		{914AF81C-A6BD-4E25-B0E2-CFB6A71CB718}.Ad-Hoc|ARM.Build.0 = Release|Any CPU
		{914AF81C-A6BD-4E25-B0E2-CFB6A71CB718}.Ad-Hoc|iPhone.ActiveCfg = Release|Any CPU
		{914AF81C-A6BD-4E25-B0E2-CFB6A71CB718}.Ad-Hoc|iPhone.Build.0 = Release|Any CPU
		{914AF81C-A6BD-4E25-B0E2-CFB6A71CB718}.Ad-Hoc|iPhoneSimulator.ActiveCfg = Release|Any CPU
		{914AF81C-A6BD-4E25-B0E2-CFB6A71CB718}.Ad-Hoc|iPhoneSimulator.Build.0 = Release|Any CPU
		{914AF81C-A6BD-4E25-B0E2-CFB6A71CB718}.Ad-Hoc|x64.ActiveCfg = Release|Any CPU
		{914AF81C-A6BD-4E25-B0E2-CFB6A71CB718}.Ad-Hoc|x64.Build.0 = Release|Any CPU
		{914AF81C-A6BD-4E25-B0E2-CFB6A71CB718}.Ad-Hoc|x86.ActiveCfg = Release|Any CPU
		{914AF81C-A6BD-4E25-B0E2-CFB6A71CB718}.Ad-Hoc|x86.Build.0 = Release|Any CPU
		{914AF81C-A6BD-4E25-B0E2-CFB6A71CB718}.AppStore|Any CPU.ActiveCfg = Release|Any CPU
		{914AF81C-A6BD-4E25-B0E2-CFB6A71CB718}.AppStore|Any CPU.Build.0 = Release|Any CPU
		{914AF81C-A6BD-4E25-B0E2-CFB6A71CB718}.AppStore|ARM.ActiveCfg = Release|Any CPU
		{914AF81C-A6BD-4E25-B0E2-CFB6A71CB718}.AppStore|ARM.Build.0 = Release|Any CPU
		{914AF81C-A6BD-4E25-B0E2-CFB6A71CB718}.AppStore|iPhone.ActiveCfg = Release|Any CPU
		{914AF81C-A6BD-4E25-B0E2-CFB6A71CB718}.AppStore|iPhone.Build.0 = Release|Any CPU
		{914AF81C-A6BD-4E25-B0E2-CFB6A71CB718}.AppStore|iPhoneSimulator.ActiveCfg = Release|Any CPU
		{914AF81C-A6BD-4E25-B0E2-CFB6A71CB718}.AppStore|iPhoneSimulator.Build.0 = Release|Any CPU
		{914AF81C-A6BD-4E25-B0E2-CFB6A71CB718}.AppStore|x64.ActiveCfg = Release|Any CPU
		{914AF81C-A6BD-4E25-B0E2-CFB6A71CB718}.AppStore|x64.Build.0 = Release|Any CPU
		{914AF81C-A6BD-4E25-B0E2-CFB6A71CB718}.AppStore|x86.ActiveCfg = Release|Any CPU
		{914AF81C-A6BD-4E25-B0E2-CFB6A71CB718}.AppStore|x86.Build.0 = Release|Any CPU
		{914AF81C-A6BD-4E25-B0E2-CFB6A71CB718}.Debug|Any CPU.ActiveCfg = Debug|Any CPU
		{914AF81C-A6BD-4E25-B0E2-CFB6A71CB718}.Debug|Any CPU.Build.0 = Debug|Any CPU
		{914AF81C-A6BD-4E25-B0E2-CFB6A71CB718}.Debug|ARM.ActiveCfg = Debug|Any CPU
		{914AF81C-A6BD-4E25-B0E2-CFB6A71CB718}.Debug|ARM.Build.0 = Debug|Any CPU
		{914AF81C-A6BD-4E25-B0E2-CFB6A71CB718}.Debug|iPhone.ActiveCfg = Debug|Any CPU
		{914AF81C-A6BD-4E25-B0E2-CFB6A71CB718}.Debug|iPhone.Build.0 = Debug|Any CPU
		{914AF81C-A6BD-4E25-B0E2-CFB6A71CB718}.Debug|iPhoneSimulator.ActiveCfg = Debug|Any CPU
		{914AF81C-A6BD-4E25-B0E2-CFB6A71CB718}.Debug|iPhoneSimulator.Build.0 = Debug|Any CPU
		{914AF81C-A6BD-4E25-B0E2-CFB6A71CB718}.Debug|x64.ActiveCfg = Debug|Any CPU
		{914AF81C-A6BD-4E25-B0E2-CFB6A71CB718}.Debug|x64.Build.0 = Debug|Any CPU
		{914AF81C-A6BD-4E25-B0E2-CFB6A71CB718}.Debug|x86.ActiveCfg = Debug|Any CPU
		{914AF81C-A6BD-4E25-B0E2-CFB6A71CB718}.Debug|x86.Build.0 = Debug|Any CPU
		{914AF81C-A6BD-4E25-B0E2-CFB6A71CB718}.Release|Any CPU.ActiveCfg = Release|Any CPU
		{914AF81C-A6BD-4E25-B0E2-CFB6A71CB718}.Release|Any CPU.Build.0 = Release|Any CPU
		{914AF81C-A6BD-4E25-B0E2-CFB6A71CB718}.Release|ARM.ActiveCfg = Release|Any CPU
		{914AF81C-A6BD-4E25-B0E2-CFB6A71CB718}.Release|ARM.Build.0 = Release|Any CPU
		{914AF81C-A6BD-4E25-B0E2-CFB6A71CB718}.Release|iPhone.ActiveCfg = Release|Any CPU
		{914AF81C-A6BD-4E25-B0E2-CFB6A71CB718}.Release|iPhone.Build.0 = Release|Any CPU
		{914AF81C-A6BD-4E25-B0E2-CFB6A71CB718}.Release|iPhoneSimulator.ActiveCfg = Release|Any CPU
		{914AF81C-A6BD-4E25-B0E2-CFB6A71CB718}.Release|iPhoneSimulator.Build.0 = Release|Any CPU
		{914AF81C-A6BD-4E25-B0E2-CFB6A71CB718}.Release|x64.ActiveCfg = Release|Any CPU
		{914AF81C-A6BD-4E25-B0E2-CFB6A71CB718}.Release|x64.Build.0 = Release|Any CPU
		{914AF81C-A6BD-4E25-B0E2-CFB6A71CB718}.Release|x86.ActiveCfg = Release|Any CPU
		{914AF81C-A6BD-4E25-B0E2-CFB6A71CB718}.Release|x86.Build.0 = Release|Any CPU
		{A574B3CC-C11D-4679-9C2F-8AF3E229E1BC}.Ad-Hoc|Any CPU.ActiveCfg = Release|Any CPU
		{A574B3CC-C11D-4679-9C2F-8AF3E229E1BC}.Ad-Hoc|Any CPU.Build.0 = Release|Any CPU
		{A574B3CC-C11D-4679-9C2F-8AF3E229E1BC}.Ad-Hoc|Any CPU.Deploy.0 = Release|Any CPU
		{A574B3CC-C11D-4679-9C2F-8AF3E229E1BC}.Ad-Hoc|ARM.ActiveCfg = Release|Any CPU
		{A574B3CC-C11D-4679-9C2F-8AF3E229E1BC}.Ad-Hoc|ARM.Build.0 = Release|Any CPU
		{A574B3CC-C11D-4679-9C2F-8AF3E229E1BC}.Ad-Hoc|ARM.Deploy.0 = Release|Any CPU
		{A574B3CC-C11D-4679-9C2F-8AF3E229E1BC}.Ad-Hoc|iPhone.ActiveCfg = Release|Any CPU
		{A574B3CC-C11D-4679-9C2F-8AF3E229E1BC}.Ad-Hoc|iPhone.Build.0 = Release|Any CPU
		{A574B3CC-C11D-4679-9C2F-8AF3E229E1BC}.Ad-Hoc|iPhone.Deploy.0 = Release|Any CPU
		{A574B3CC-C11D-4679-9C2F-8AF3E229E1BC}.Ad-Hoc|iPhoneSimulator.ActiveCfg = Release|Any CPU
		{A574B3CC-C11D-4679-9C2F-8AF3E229E1BC}.Ad-Hoc|iPhoneSimulator.Build.0 = Release|Any CPU
		{A574B3CC-C11D-4679-9C2F-8AF3E229E1BC}.Ad-Hoc|iPhoneSimulator.Deploy.0 = Release|Any CPU
		{A574B3CC-C11D-4679-9C2F-8AF3E229E1BC}.Ad-Hoc|x64.ActiveCfg = Release|Any CPU
		{A574B3CC-C11D-4679-9C2F-8AF3E229E1BC}.Ad-Hoc|x64.Build.0 = Release|Any CPU
		{A574B3CC-C11D-4679-9C2F-8AF3E229E1BC}.Ad-Hoc|x64.Deploy.0 = Release|Any CPU
		{A574B3CC-C11D-4679-9C2F-8AF3E229E1BC}.Ad-Hoc|x86.ActiveCfg = Release|Any CPU
		{A574B3CC-C11D-4679-9C2F-8AF3E229E1BC}.Ad-Hoc|x86.Build.0 = Release|Any CPU
		{A574B3CC-C11D-4679-9C2F-8AF3E229E1BC}.Ad-Hoc|x86.Deploy.0 = Release|Any CPU
		{A574B3CC-C11D-4679-9C2F-8AF3E229E1BC}.AppStore|Any CPU.ActiveCfg = Release|Any CPU
		{A574B3CC-C11D-4679-9C2F-8AF3E229E1BC}.AppStore|Any CPU.Build.0 = Release|Any CPU
		{A574B3CC-C11D-4679-9C2F-8AF3E229E1BC}.AppStore|Any CPU.Deploy.0 = Release|Any CPU
		{A574B3CC-C11D-4679-9C2F-8AF3E229E1BC}.AppStore|ARM.ActiveCfg = Release|Any CPU
		{A574B3CC-C11D-4679-9C2F-8AF3E229E1BC}.AppStore|ARM.Build.0 = Release|Any CPU
		{A574B3CC-C11D-4679-9C2F-8AF3E229E1BC}.AppStore|ARM.Deploy.0 = Release|Any CPU
		{A574B3CC-C11D-4679-9C2F-8AF3E229E1BC}.AppStore|iPhone.ActiveCfg = Release|Any CPU
		{A574B3CC-C11D-4679-9C2F-8AF3E229E1BC}.AppStore|iPhone.Build.0 = Release|Any CPU
		{A574B3CC-C11D-4679-9C2F-8AF3E229E1BC}.AppStore|iPhone.Deploy.0 = Release|Any CPU
		{A574B3CC-C11D-4679-9C2F-8AF3E229E1BC}.AppStore|iPhoneSimulator.ActiveCfg = Release|Any CPU
		{A574B3CC-C11D-4679-9C2F-8AF3E229E1BC}.AppStore|iPhoneSimulator.Build.0 = Release|Any CPU
		{A574B3CC-C11D-4679-9C2F-8AF3E229E1BC}.AppStore|iPhoneSimulator.Deploy.0 = Release|Any CPU
		{A574B3CC-C11D-4679-9C2F-8AF3E229E1BC}.AppStore|x64.ActiveCfg = Release|Any CPU
		{A574B3CC-C11D-4679-9C2F-8AF3E229E1BC}.AppStore|x64.Build.0 = Release|Any CPU
		{A574B3CC-C11D-4679-9C2F-8AF3E229E1BC}.AppStore|x64.Deploy.0 = Release|Any CPU
		{A574B3CC-C11D-4679-9C2F-8AF3E229E1BC}.AppStore|x86.ActiveCfg = Release|Any CPU
		{A574B3CC-C11D-4679-9C2F-8AF3E229E1BC}.AppStore|x86.Build.0 = Release|Any CPU
		{A574B3CC-C11D-4679-9C2F-8AF3E229E1BC}.AppStore|x86.Deploy.0 = Release|Any CPU
		{A574B3CC-C11D-4679-9C2F-8AF3E229E1BC}.Debug|Any CPU.ActiveCfg = Debug|Any CPU
		{A574B3CC-C11D-4679-9C2F-8AF3E229E1BC}.Debug|Any CPU.Build.0 = Debug|Any CPU
		{A574B3CC-C11D-4679-9C2F-8AF3E229E1BC}.Debug|Any CPU.Deploy.0 = Debug|Any CPU
		{A574B3CC-C11D-4679-9C2F-8AF3E229E1BC}.Debug|ARM.ActiveCfg = Debug|Any CPU
		{A574B3CC-C11D-4679-9C2F-8AF3E229E1BC}.Debug|ARM.Build.0 = Debug|Any CPU
		{A574B3CC-C11D-4679-9C2F-8AF3E229E1BC}.Debug|ARM.Deploy.0 = Debug|Any CPU
		{A574B3CC-C11D-4679-9C2F-8AF3E229E1BC}.Debug|iPhone.ActiveCfg = Debug|Any CPU
		{A574B3CC-C11D-4679-9C2F-8AF3E229E1BC}.Debug|iPhone.Build.0 = Debug|Any CPU
		{A574B3CC-C11D-4679-9C2F-8AF3E229E1BC}.Debug|iPhone.Deploy.0 = Debug|Any CPU
		{A574B3CC-C11D-4679-9C2F-8AF3E229E1BC}.Debug|iPhoneSimulator.ActiveCfg = Debug|Any CPU
		{A574B3CC-C11D-4679-9C2F-8AF3E229E1BC}.Debug|iPhoneSimulator.Build.0 = Debug|Any CPU
		{A574B3CC-C11D-4679-9C2F-8AF3E229E1BC}.Debug|iPhoneSimulator.Deploy.0 = Debug|Any CPU
		{A574B3CC-C11D-4679-9C2F-8AF3E229E1BC}.Debug|x64.ActiveCfg = Debug|Any CPU
		{A574B3CC-C11D-4679-9C2F-8AF3E229E1BC}.Debug|x64.Build.0 = Debug|Any CPU
		{A574B3CC-C11D-4679-9C2F-8AF3E229E1BC}.Debug|x64.Deploy.0 = Debug|Any CPU
		{A574B3CC-C11D-4679-9C2F-8AF3E229E1BC}.Debug|x86.ActiveCfg = Debug|Any CPU
		{A574B3CC-C11D-4679-9C2F-8AF3E229E1BC}.Debug|x86.Build.0 = Debug|Any CPU
		{A574B3CC-C11D-4679-9C2F-8AF3E229E1BC}.Debug|x86.Deploy.0 = Debug|Any CPU
		{A574B3CC-C11D-4679-9C2F-8AF3E229E1BC}.Release|Any CPU.ActiveCfg = Release|Any CPU
		{A574B3CC-C11D-4679-9C2F-8AF3E229E1BC}.Release|Any CPU.Build.0 = Release|Any CPU
		{A574B3CC-C11D-4679-9C2F-8AF3E229E1BC}.Release|Any CPU.Deploy.0 = Release|Any CPU
		{A574B3CC-C11D-4679-9C2F-8AF3E229E1BC}.Release|ARM.ActiveCfg = Release|Any CPU
		{A574B3CC-C11D-4679-9C2F-8AF3E229E1BC}.Release|ARM.Build.0 = Release|Any CPU
		{A574B3CC-C11D-4679-9C2F-8AF3E229E1BC}.Release|ARM.Deploy.0 = Release|Any CPU
		{A574B3CC-C11D-4679-9C2F-8AF3E229E1BC}.Release|iPhone.ActiveCfg = Release|Any CPU
		{A574B3CC-C11D-4679-9C2F-8AF3E229E1BC}.Release|iPhone.Build.0 = Release|Any CPU
		{A574B3CC-C11D-4679-9C2F-8AF3E229E1BC}.Release|iPhone.Deploy.0 = Release|Any CPU
		{A574B3CC-C11D-4679-9C2F-8AF3E229E1BC}.Release|iPhoneSimulator.ActiveCfg = Release|Any CPU
		{A574B3CC-C11D-4679-9C2F-8AF3E229E1BC}.Release|iPhoneSimulator.Build.0 = Release|Any CPU
		{A574B3CC-C11D-4679-9C2F-8AF3E229E1BC}.Release|iPhoneSimulator.Deploy.0 = Release|Any CPU
		{A574B3CC-C11D-4679-9C2F-8AF3E229E1BC}.Release|x64.ActiveCfg = Release|Any CPU
		{A574B3CC-C11D-4679-9C2F-8AF3E229E1BC}.Release|x64.Build.0 = Release|Any CPU
		{A574B3CC-C11D-4679-9C2F-8AF3E229E1BC}.Release|x64.Deploy.0 = Release|Any CPU
		{A574B3CC-C11D-4679-9C2F-8AF3E229E1BC}.Release|x86.ActiveCfg = Release|Any CPU
		{A574B3CC-C11D-4679-9C2F-8AF3E229E1BC}.Release|x86.Build.0 = Release|Any CPU
		{A574B3CC-C11D-4679-9C2F-8AF3E229E1BC}.Release|x86.Deploy.0 = Release|Any CPU
		{1F9F5E1B-878A-486F-A77A-FBBFDEA365A0}.Ad-Hoc|Any CPU.ActiveCfg = Release|Any CPU
		{1F9F5E1B-878A-486F-A77A-FBBFDEA365A0}.Ad-Hoc|Any CPU.Build.0 = Release|Any CPU
		{1F9F5E1B-878A-486F-A77A-FBBFDEA365A0}.Ad-Hoc|ARM.ActiveCfg = Release|Any CPU
		{1F9F5E1B-878A-486F-A77A-FBBFDEA365A0}.Ad-Hoc|ARM.Build.0 = Release|Any CPU
		{1F9F5E1B-878A-486F-A77A-FBBFDEA365A0}.Ad-Hoc|iPhone.ActiveCfg = Release|Any CPU
		{1F9F5E1B-878A-486F-A77A-FBBFDEA365A0}.Ad-Hoc|iPhone.Build.0 = Release|Any CPU
		{1F9F5E1B-878A-486F-A77A-FBBFDEA365A0}.Ad-Hoc|iPhoneSimulator.ActiveCfg = Release|Any CPU
		{1F9F5E1B-878A-486F-A77A-FBBFDEA365A0}.Ad-Hoc|iPhoneSimulator.Build.0 = Release|Any CPU
		{1F9F5E1B-878A-486F-A77A-FBBFDEA365A0}.Ad-Hoc|x64.ActiveCfg = Release|Any CPU
		{1F9F5E1B-878A-486F-A77A-FBBFDEA365A0}.Ad-Hoc|x64.Build.0 = Release|Any CPU
		{1F9F5E1B-878A-486F-A77A-FBBFDEA365A0}.Ad-Hoc|x86.ActiveCfg = Release|Any CPU
		{1F9F5E1B-878A-486F-A77A-FBBFDEA365A0}.Ad-Hoc|x86.Build.0 = Release|Any CPU
		{1F9F5E1B-878A-486F-A77A-FBBFDEA365A0}.AppStore|Any CPU.ActiveCfg = Release|Any CPU
		{1F9F5E1B-878A-486F-A77A-FBBFDEA365A0}.AppStore|Any CPU.Build.0 = Release|Any CPU
		{1F9F5E1B-878A-486F-A77A-FBBFDEA365A0}.AppStore|ARM.ActiveCfg = Release|Any CPU
		{1F9F5E1B-878A-486F-A77A-FBBFDEA365A0}.AppStore|ARM.Build.0 = Release|Any CPU
		{1F9F5E1B-878A-486F-A77A-FBBFDEA365A0}.AppStore|iPhone.ActiveCfg = Release|Any CPU
		{1F9F5E1B-878A-486F-A77A-FBBFDEA365A0}.AppStore|iPhone.Build.0 = Release|Any CPU
		{1F9F5E1B-878A-486F-A77A-FBBFDEA365A0}.AppStore|iPhoneSimulator.ActiveCfg = Release|Any CPU
		{1F9F5E1B-878A-486F-A77A-FBBFDEA365A0}.AppStore|iPhoneSimulator.Build.0 = Release|Any CPU
		{1F9F5E1B-878A-486F-A77A-FBBFDEA365A0}.AppStore|x64.ActiveCfg = Release|Any CPU
		{1F9F5E1B-878A-486F-A77A-FBBFDEA365A0}.AppStore|x64.Build.0 = Release|Any CPU
		{1F9F5E1B-878A-486F-A77A-FBBFDEA365A0}.AppStore|x86.ActiveCfg = Release|Any CPU
		{1F9F5E1B-878A-486F-A77A-FBBFDEA365A0}.AppStore|x86.Build.0 = Release|Any CPU
		{1F9F5E1B-878A-486F-A77A-FBBFDEA365A0}.Debug|Any CPU.ActiveCfg = Debug|Any CPU
		{1F9F5E1B-878A-486F-A77A-FBBFDEA365A0}.Debug|Any CPU.Build.0 = Debug|Any CPU
		{1F9F5E1B-878A-486F-A77A-FBBFDEA365A0}.Debug|ARM.ActiveCfg = Debug|Any CPU
		{1F9F5E1B-878A-486F-A77A-FBBFDEA365A0}.Debug|ARM.Build.0 = Debug|Any CPU
		{1F9F5E1B-878A-486F-A77A-FBBFDEA365A0}.Debug|iPhone.ActiveCfg = Debug|Any CPU
		{1F9F5E1B-878A-486F-A77A-FBBFDEA365A0}.Debug|iPhone.Build.0 = Debug|Any CPU
		{1F9F5E1B-878A-486F-A77A-FBBFDEA365A0}.Debug|iPhoneSimulator.ActiveCfg = Debug|Any CPU
		{1F9F5E1B-878A-486F-A77A-FBBFDEA365A0}.Debug|iPhoneSimulator.Build.0 = Debug|Any CPU
		{1F9F5E1B-878A-486F-A77A-FBBFDEA365A0}.Debug|x64.ActiveCfg = Debug|Any CPU
		{1F9F5E1B-878A-486F-A77A-FBBFDEA365A0}.Debug|x64.Build.0 = Debug|Any CPU
		{1F9F5E1B-878A-486F-A77A-FBBFDEA365A0}.Debug|x86.ActiveCfg = Debug|Any CPU
		{1F9F5E1B-878A-486F-A77A-FBBFDEA365A0}.Debug|x86.Build.0 = Debug|Any CPU
		{1F9F5E1B-878A-486F-A77A-FBBFDEA365A0}.Release|Any CPU.ActiveCfg = Release|Any CPU
		{1F9F5E1B-878A-486F-A77A-FBBFDEA365A0}.Release|Any CPU.Build.0 = Release|Any CPU
		{1F9F5E1B-878A-486F-A77A-FBBFDEA365A0}.Release|ARM.ActiveCfg = Release|Any CPU
		{1F9F5E1B-878A-486F-A77A-FBBFDEA365A0}.Release|ARM.Build.0 = Release|Any CPU
		{1F9F5E1B-878A-486F-A77A-FBBFDEA365A0}.Release|iPhone.ActiveCfg = Release|Any CPU
		{1F9F5E1B-878A-486F-A77A-FBBFDEA365A0}.Release|iPhone.Build.0 = Release|Any CPU
		{1F9F5E1B-878A-486F-A77A-FBBFDEA365A0}.Release|iPhoneSimulator.ActiveCfg = Release|Any CPU
		{1F9F5E1B-878A-486F-A77A-FBBFDEA365A0}.Release|iPhoneSimulator.Build.0 = Release|Any CPU
		{1F9F5E1B-878A-486F-A77A-FBBFDEA365A0}.Release|x64.ActiveCfg = Release|Any CPU
		{1F9F5E1B-878A-486F-A77A-FBBFDEA365A0}.Release|x64.Build.0 = Release|Any CPU
		{1F9F5E1B-878A-486F-A77A-FBBFDEA365A0}.Release|x86.ActiveCfg = Release|Any CPU
		{1F9F5E1B-878A-486F-A77A-FBBFDEA365A0}.Release|x86.Build.0 = Release|Any CPU
		{25143094-39A6-41AD-8CC5-9083142B0328}.Ad-Hoc|Any CPU.ActiveCfg = Release|x86
		{25143094-39A6-41AD-8CC5-9083142B0328}.Ad-Hoc|Any CPU.Build.0 = Release|x86
		{25143094-39A6-41AD-8CC5-9083142B0328}.Ad-Hoc|Any CPU.Deploy.0 = Release|x86
		{25143094-39A6-41AD-8CC5-9083142B0328}.Ad-Hoc|ARM.ActiveCfg = Release|ARM
		{25143094-39A6-41AD-8CC5-9083142B0328}.Ad-Hoc|ARM.Build.0 = Release|ARM
		{25143094-39A6-41AD-8CC5-9083142B0328}.Ad-Hoc|ARM.Deploy.0 = Release|ARM
		{25143094-39A6-41AD-8CC5-9083142B0328}.Ad-Hoc|iPhone.ActiveCfg = Release|x86
		{25143094-39A6-41AD-8CC5-9083142B0328}.Ad-Hoc|iPhone.Build.0 = Release|x86
		{25143094-39A6-41AD-8CC5-9083142B0328}.Ad-Hoc|iPhone.Deploy.0 = Release|x86
		{25143094-39A6-41AD-8CC5-9083142B0328}.Ad-Hoc|iPhoneSimulator.ActiveCfg = Release|x86
		{25143094-39A6-41AD-8CC5-9083142B0328}.Ad-Hoc|iPhoneSimulator.Build.0 = Release|x86
		{25143094-39A6-41AD-8CC5-9083142B0328}.Ad-Hoc|iPhoneSimulator.Deploy.0 = Release|x86
		{25143094-39A6-41AD-8CC5-9083142B0328}.Ad-Hoc|x64.ActiveCfg = Release|x64
		{25143094-39A6-41AD-8CC5-9083142B0328}.Ad-Hoc|x64.Build.0 = Release|x64
		{25143094-39A6-41AD-8CC5-9083142B0328}.Ad-Hoc|x64.Deploy.0 = Release|x64
		{25143094-39A6-41AD-8CC5-9083142B0328}.Ad-Hoc|x86.ActiveCfg = Release|x86
		{25143094-39A6-41AD-8CC5-9083142B0328}.Ad-Hoc|x86.Build.0 = Release|x86
		{25143094-39A6-41AD-8CC5-9083142B0328}.Ad-Hoc|x86.Deploy.0 = Release|x86
		{25143094-39A6-41AD-8CC5-9083142B0328}.AppStore|Any CPU.ActiveCfg = Release|x86
		{25143094-39A6-41AD-8CC5-9083142B0328}.AppStore|Any CPU.Build.0 = Release|x86
		{25143094-39A6-41AD-8CC5-9083142B0328}.AppStore|Any CPU.Deploy.0 = Release|x86
		{25143094-39A6-41AD-8CC5-9083142B0328}.AppStore|ARM.ActiveCfg = Release|ARM
		{25143094-39A6-41AD-8CC5-9083142B0328}.AppStore|ARM.Build.0 = Release|ARM
		{25143094-39A6-41AD-8CC5-9083142B0328}.AppStore|ARM.Deploy.0 = Release|ARM
		{25143094-39A6-41AD-8CC5-9083142B0328}.AppStore|iPhone.ActiveCfg = Release|x86
		{25143094-39A6-41AD-8CC5-9083142B0328}.AppStore|iPhone.Build.0 = Release|x86
		{25143094-39A6-41AD-8CC5-9083142B0328}.AppStore|iPhone.Deploy.0 = Release|x86
		{25143094-39A6-41AD-8CC5-9083142B0328}.AppStore|iPhoneSimulator.ActiveCfg = Release|x86
		{25143094-39A6-41AD-8CC5-9083142B0328}.AppStore|iPhoneSimulator.Build.0 = Release|x86
		{25143094-39A6-41AD-8CC5-9083142B0328}.AppStore|iPhoneSimulator.Deploy.0 = Release|x86
		{25143094-39A6-41AD-8CC5-9083142B0328}.AppStore|x64.ActiveCfg = Release|x64
		{25143094-39A6-41AD-8CC5-9083142B0328}.AppStore|x64.Build.0 = Release|x64
		{25143094-39A6-41AD-8CC5-9083142B0328}.AppStore|x64.Deploy.0 = Release|x64
		{25143094-39A6-41AD-8CC5-9083142B0328}.AppStore|x86.ActiveCfg = Release|x86
		{25143094-39A6-41AD-8CC5-9083142B0328}.AppStore|x86.Build.0 = Release|x86
		{25143094-39A6-41AD-8CC5-9083142B0328}.AppStore|x86.Deploy.0 = Release|x86
		{25143094-39A6-41AD-8CC5-9083142B0328}.Debug|Any CPU.ActiveCfg = Debug|x86
		{25143094-39A6-41AD-8CC5-9083142B0328}.Debug|ARM.ActiveCfg = Debug|ARM
		{25143094-39A6-41AD-8CC5-9083142B0328}.Debug|ARM.Build.0 = Debug|ARM
		{25143094-39A6-41AD-8CC5-9083142B0328}.Debug|ARM.Deploy.0 = Debug|ARM
		{25143094-39A6-41AD-8CC5-9083142B0328}.Debug|iPhone.ActiveCfg = Debug|x86
		{25143094-39A6-41AD-8CC5-9083142B0328}.Debug|iPhoneSimulator.ActiveCfg = Debug|x86
		{25143094-39A6-41AD-8CC5-9083142B0328}.Debug|x64.ActiveCfg = Debug|x64
		{25143094-39A6-41AD-8CC5-9083142B0328}.Debug|x64.Build.0 = Debug|x64
		{25143094-39A6-41AD-8CC5-9083142B0328}.Debug|x64.Deploy.0 = Debug|x64
		{25143094-39A6-41AD-8CC5-9083142B0328}.Debug|x86.ActiveCfg = Debug|x86
		{25143094-39A6-41AD-8CC5-9083142B0328}.Debug|x86.Build.0 = Debug|x86
		{25143094-39A6-41AD-8CC5-9083142B0328}.Debug|x86.Deploy.0 = Debug|x86
		{25143094-39A6-41AD-8CC5-9083142B0328}.Release|Any CPU.ActiveCfg = Release|x86
		{25143094-39A6-41AD-8CC5-9083142B0328}.Release|ARM.ActiveCfg = Release|ARM
		{25143094-39A6-41AD-8CC5-9083142B0328}.Release|ARM.Build.0 = Release|ARM
		{25143094-39A6-41AD-8CC5-9083142B0328}.Release|ARM.Deploy.0 = Release|ARM
		{25143094-39A6-41AD-8CC5-9083142B0328}.Release|iPhone.ActiveCfg = Release|x86
		{25143094-39A6-41AD-8CC5-9083142B0328}.Release|iPhoneSimulator.ActiveCfg = Release|x86
		{25143094-39A6-41AD-8CC5-9083142B0328}.Release|x64.ActiveCfg = Release|x64
		{25143094-39A6-41AD-8CC5-9083142B0328}.Release|x64.Build.0 = Release|x64
		{25143094-39A6-41AD-8CC5-9083142B0328}.Release|x64.Deploy.0 = Release|x64
		{25143094-39A6-41AD-8CC5-9083142B0328}.Release|x86.ActiveCfg = Release|x86
		{25143094-39A6-41AD-8CC5-9083142B0328}.Release|x86.Build.0 = Release|x86
		{25143094-39A6-41AD-8CC5-9083142B0328}.Release|x86.Deploy.0 = Release|x86
		{87FC39E5-12B3-4900-81A5-4C9A7AB00852}.Ad-Hoc|Any CPU.ActiveCfg = Ad-Hoc|iPhone
		{87FC39E5-12B3-4900-81A5-4C9A7AB00852}.Ad-Hoc|ARM.ActiveCfg = Ad-Hoc|iPhone
		{87FC39E5-12B3-4900-81A5-4C9A7AB00852}.Ad-Hoc|iPhone.ActiveCfg = Ad-Hoc|iPhone
		{87FC39E5-12B3-4900-81A5-4C9A7AB00852}.Ad-Hoc|iPhone.Build.0 = Ad-Hoc|iPhone
		{87FC39E5-12B3-4900-81A5-4C9A7AB00852}.Ad-Hoc|iPhoneSimulator.ActiveCfg = Ad-Hoc|iPhoneSimulator
		{87FC39E5-12B3-4900-81A5-4C9A7AB00852}.Ad-Hoc|iPhoneSimulator.Build.0 = Ad-Hoc|iPhoneSimulator
		{87FC39E5-12B3-4900-81A5-4C9A7AB00852}.Ad-Hoc|x64.ActiveCfg = Ad-Hoc|iPhone
		{87FC39E5-12B3-4900-81A5-4C9A7AB00852}.Ad-Hoc|x86.ActiveCfg = Ad-Hoc|iPhone
		{87FC39E5-12B3-4900-81A5-4C9A7AB00852}.AppStore|Any CPU.ActiveCfg = AppStore|iPhone
		{87FC39E5-12B3-4900-81A5-4C9A7AB00852}.AppStore|ARM.ActiveCfg = AppStore|iPhone
		{87FC39E5-12B3-4900-81A5-4C9A7AB00852}.AppStore|iPhone.ActiveCfg = AppStore|iPhone
		{87FC39E5-12B3-4900-81A5-4C9A7AB00852}.AppStore|iPhone.Build.0 = AppStore|iPhone
		{87FC39E5-12B3-4900-81A5-4C9A7AB00852}.AppStore|iPhoneSimulator.ActiveCfg = AppStore|iPhoneSimulator
		{87FC39E5-12B3-4900-81A5-4C9A7AB00852}.AppStore|iPhoneSimulator.Build.0 = AppStore|iPhoneSimulator
		{87FC39E5-12B3-4900-81A5-4C9A7AB00852}.AppStore|x64.ActiveCfg = AppStore|iPhone
		{87FC39E5-12B3-4900-81A5-4C9A7AB00852}.AppStore|x86.ActiveCfg = AppStore|iPhone
		{87FC39E5-12B3-4900-81A5-4C9A7AB00852}.Debug|Any CPU.ActiveCfg = Debug|iPhone
		{87FC39E5-12B3-4900-81A5-4C9A7AB00852}.Debug|ARM.ActiveCfg = Debug|iPhone
		{87FC39E5-12B3-4900-81A5-4C9A7AB00852}.Debug|iPhone.ActiveCfg = Debug|iPhone
		{87FC39E5-12B3-4900-81A5-4C9A7AB00852}.Debug|iPhone.Build.0 = Debug|iPhone
		{87FC39E5-12B3-4900-81A5-4C9A7AB00852}.Debug|iPhoneSimulator.ActiveCfg = Debug|iPhoneSimulator
		{87FC39E5-12B3-4900-81A5-4C9A7AB00852}.Debug|iPhoneSimulator.Build.0 = Debug|iPhoneSimulator
		{87FC39E5-12B3-4900-81A5-4C9A7AB00852}.Debug|x64.ActiveCfg = Debug|iPhone
		{87FC39E5-12B3-4900-81A5-4C9A7AB00852}.Debug|x86.ActiveCfg = Debug|iPhone
		{87FC39E5-12B3-4900-81A5-4C9A7AB00852}.Release|Any CPU.ActiveCfg = Release|iPhone
		{87FC39E5-12B3-4900-81A5-4C9A7AB00852}.Release|ARM.ActiveCfg = Release|iPhone
		{87FC39E5-12B3-4900-81A5-4C9A7AB00852}.Release|iPhone.ActiveCfg = Release|iPhone
		{87FC39E5-12B3-4900-81A5-4C9A7AB00852}.Release|iPhone.Build.0 = Release|iPhone
		{87FC39E5-12B3-4900-81A5-4C9A7AB00852}.Release|iPhoneSimulator.ActiveCfg = Release|iPhoneSimulator
		{87FC39E5-12B3-4900-81A5-4C9A7AB00852}.Release|iPhoneSimulator.Build.0 = Release|iPhoneSimulator
		{87FC39E5-12B3-4900-81A5-4C9A7AB00852}.Release|x64.ActiveCfg = Release|iPhone
		{87FC39E5-12B3-4900-81A5-4C9A7AB00852}.Release|x86.ActiveCfg = Release|iPhone
	EndGlobalSection
	GlobalSection(SolutionProperties) = preSolution
		HideSolutionNode = FALSE
	EndGlobalSection
	GlobalSection(NestedProjects) = preSolution
		{A574B3CC-C11D-4679-9C2F-8AF3E229E1BC} = {24F46FD5-EF1C-449D-A14A-37E87A606668}
		{1F9F5E1B-878A-486F-A77A-FBBFDEA365A0} = {24F46FD5-EF1C-449D-A14A-37E87A606668}
		{25143094-39A6-41AD-8CC5-9083142B0328} = {24F46FD5-EF1C-449D-A14A-37E87A606668}
		{87FC39E5-12B3-4900-81A5-4C9A7AB00852} = {24F46FD5-EF1C-449D-A14A-37E87A606668}
	EndGlobalSection
EndGlobal
